{
  "name": "SchoolWev",
  "lockfileVersion": 3,
  "requires": true,
  "packages": {
    "": {
      "dependencies": {
        "school-kr": "^3.1.2"
      }
    },
    "node_modules/axios": {
      "version": "0.21.4",
      "resolved": "https://registry.npmjs.org/axios/-/axios-0.21.4.tgz",
      "integrity": "sha512-ut5vewkiu8jjGBdqpM44XxjuCjq9LAKeHVmoVfHVzy8eHgxxq8SbAVQNovDA8mVi05kP0Ea/n/UzcSHcTJQfNg==",
      "dependencies": {
        "follow-redirects": "^1.14.0"
      }
    },
    "node_modules/follow-redirects": {
      "version": "1.15.6",
      "resolved": "https://registry.npmjs.org/follow-redirects/-/follow-redirects-1.15.6.tgz",
      "integrity": "sha512-wWN62YITEaOpSK584EZXJafH1AGpO8RVgElfkuXbTOrPX4fIfOyEpW/CsiNd8JdYrAoOvafRTOEnvsO++qCqFA==",
      "funding": [
        {
          "type": "individual",
          "url": "https://github.com/sponsors/RubenVerborgh"
        }
      ],
      "engines": {
        "node": ">=4.0"
      },
      "peerDependenciesMeta": {
        "debug": {
          "optional": true
        }
      }
    },
    "node_modules/school-kr": {
      "version": "3.1.2",
      "resolved": "https://registry.npmjs.org/school-kr/-/school-kr-3.1.2.tgz",
      "integrity": "sha512-6S87zmJasWEFJInSXFRW66ipJdp1loOw0eo3TOZYDz2eAgKF0R8j3TJW+qvhxU+aCruxm25y2f2O59aMWP/aJw==",
      "dependencies": {
        "axios": "^0.21.1"
      },
      "engines": {
        "node": ">= 7.0.0"
      }
    }
  }
}
